
Microsoft Visual Studio Solution File, Format Version 12.00
Project("{2150E333-8FDC-42A3-9474-1A3956D46DE8}") = "src", "src", "{DF866A0E-E9CA-4CA8-9C30-2DA6A614B376}"
EndProject
Project("{FAE04EC0-301F-11D3-BF4B-00C04F79EFBC}") = "Application", "src\Application\Application.csproj", "{AAF25F19-D692-4A31-B8E3-D4B425389E30}"
	ProjectSection(ProjectDependencies) = postProject
		{B67F6F7B-428C-44B1-99F5-8D27BD555164} = {B67F6F7B-428C-44B1-99F5-8D27BD555164}
	EndProjectSection
EndProject
Project("{FAE04EC0-301F-11D3-BF4B-00C04F79EFBC}") = "Domain", "src\Domain\Domain.csproj", "{B67F6F7B-428C-44B1-99F5-8D27BD555164}"
EndProject
Project("{FAE04EC0-301F-11D3-BF4B-00C04F79EFBC}") = "Infrastructure", "src\Infrastructure\Infrastructure.csproj", "{10DB7619-15B1-4CEF-BC53-245F207372AE}"
	ProjectSection(ProjectDependencies) = postProject
		{B67F6F7B-428C-44B1-99F5-8D27BD555164} = {B67F6F7B-428C-44B1-99F5-8D27BD555164}
		{AAF25F19-D692-4A31-B8E3-D4B425389E30} = {AAF25F19-D692-4A31-B8E3-D4B425389E30}
	EndProjectSection
EndProject
Project("{FAE04EC0-301F-11D3-BF4B-00C04F79EFBC}") = "WebApi", "src\WebApi\WebApi.csproj", "{8AE6C982-7A5A-41A2-A2AB-3436EE4160FA}"
	ProjectSection(ProjectDependencies) = postProject
		{AAF25F19-D692-4A31-B8E3-D4B425389E30} = {AAF25F19-D692-4A31-B8E3-D4B425389E30}
		{B67F6F7B-428C-44B1-99F5-8D27BD555164} = {B67F6F7B-428C-44B1-99F5-8D27BD555164}
		{10DB7619-15B1-4CEF-BC53-245F207372AE} = {10DB7619-15B1-4CEF-BC53-245F207372AE}
	EndProjectSection
EndProject
Project("{FAE04EC0-301F-11D3-BF4B-00C04F79EFBC}") = "Domain.Tests", "src\Domain.Tests\Domain.Tests.csproj", "{1237B261-BD75-46AF-8DA5-67C245645928}"
EndProject
Project("{FAE04EC0-301F-11D3-BF4B-00C04F79EFBC}") = "Application.Tests", "src\Application.Tests\Application.Tests.csproj", "{87BCF6C2-E1D5-47DF-9CBB-5B53CD658C6A}"
EndProject
Global
	GlobalSection(SolutionConfigurationPlatforms) = preSolution
		Debug|Any CPU = Debug|Any CPU
		Release|Any CPU = Release|Any CPU
	EndGlobalSection
	GlobalSection(ProjectConfigurationPlatforms) = postSolution
		{AAF25F19-D692-4A31-B8E3-D4B425389E30}.Debug|Any CPU.ActiveCfg = Debug|Any CPU
		{AAF25F19-D692-4A31-B8E3-D4B425389E30}.Debug|Any CPU.Build.0 = Debug|Any CPU
		{AAF25F19-D692-4A31-B8E3-D4B425389E30}.Release|Any CPU.ActiveCfg = Release|Any CPU
		{AAF25F19-D692-4A31-B8E3-D4B425389E30}.Release|Any CPU.Build.0 = Release|Any CPU
		{B67F6F7B-428C-44B1-99F5-8D27BD555164}.Debug|Any CPU.ActiveCfg = Debug|Any CPU
		{B67F6F7B-428C-44B1-99F5-8D27BD555164}.Debug|Any CPU.Build.0 = Debug|Any CPU
		{B67F6F7B-428C-44B1-99F5-8D27BD555164}.Release|Any CPU.ActiveCfg = Release|Any CPU
		{B67F6F7B-428C-44B1-99F5-8D27BD555164}.Release|Any CPU.Build.0 = Release|Any CPU
		{10DB7619-15B1-4CEF-BC53-245F207372AE}.Debug|Any CPU.ActiveCfg = Debug|Any CPU
		{10DB7619-15B1-4CEF-BC53-245F207372AE}.Debug|Any CPU.Build.0 = Debug|Any CPU
		{10DB7619-15B1-4CEF-BC53-245F207372AE}.Release|Any CPU.ActiveCfg = Release|Any CPU
		{10DB7619-15B1-4CEF-BC53-245F207372AE}.Release|Any CPU.Build.0 = Release|Any CPU
		{8AE6C982-7A5A-41A2-A2AB-3436EE4160FA}.Debug|Any CPU.ActiveCfg = Debug|Any CPU
		{8AE6C982-7A5A-41A2-A2AB-3436EE4160FA}.Debug|Any CPU.Build.0 = Debug|Any CPU
		{8AE6C982-7A5A-41A2-A2AB-3436EE4160FA}.Release|Any CPU.ActiveCfg = Release|Any CPU
		{8AE6C982-7A5A-41A2-A2AB-3436EE4160FA}.Release|Any CPU.Build.0 = Release|Any CPU
		{1237B261-BD75-46AF-8DA5-67C245645928}.Debug|Any CPU.ActiveCfg = Debug|Any CPU
		{1237B261-BD75-46AF-8DA5-67C245645928}.Debug|Any CPU.Build.0 = Debug|Any CPU
		{1237B261-BD75-46AF-8DA5-67C245645928}.Release|Any CPU.ActiveCfg = Release|Any CPU
		{1237B261-BD75-46AF-8DA5-67C245645928}.Release|Any CPU.Build.0 = Release|Any CPU
		{87BCF6C2-E1D5-47DF-9CBB-5B53CD658C6A}.Debug|Any CPU.ActiveCfg = Debug|Any CPU
		{87BCF6C2-E1D5-47DF-9CBB-5B53CD658C6A}.Debug|Any CPU.Build.0 = Debug|Any CPU
		{87BCF6C2-E1D5-47DF-9CBB-5B53CD658C6A}.Release|Any CPU.ActiveCfg = Release|Any CPU
		{87BCF6C2-E1D5-47DF-9CBB-5B53CD658C6A}.Release|Any CPU.Build.0 = Release|Any CPU
	EndGlobalSection
	GlobalSection(NestedProjects) = preSolution
		{AAF25F19-D692-4A31-B8E3-D4B425389E30} = {DF866A0E-E9CA-4CA8-9C30-2DA6A614B376}
		{B67F6F7B-428C-44B1-99F5-8D27BD555164} = {DF866A0E-E9CA-4CA8-9C30-2DA6A614B376}
		{10DB7619-15B1-4CEF-BC53-245F207372AE} = {DF866A0E-E9CA-4CA8-9C30-2DA6A614B376}
		{8AE6C982-7A5A-41A2-A2AB-3436EE4160FA} = {DF866A0E-E9CA-4CA8-9C30-2DA6A614B376}
		{1237B261-BD75-46AF-8DA5-67C245645928} = {DF866A0E-E9CA-4CA8-9C30-2DA6A614B376}
		{87BCF6C2-E1D5-47DF-9CBB-5B53CD658C6A} = {DF866A0E-E9CA-4CA8-9C30-2DA6A614B376}
	EndGlobalSection
EndGlobal
